// !$*UTF8*$!
{
	archiveVersion = 1;
	classes = {
	};
	objectVersion = 46;
	objects = {

/* Begin PBXBuildFile section */
		D0B7FD2E19DDBD6A00F1E3F3 /* CoreMotion.framework in Frameworks */ = {isa = PBXBuildFile; fileRef = D0B7FD2D19DDBD6A00F1E3F3 /* CoreMotion.framework */; };
		D0B7FD3019DDBD8000F1E3F3 /* CoreLocation.framework in Frameworks */ = {isa = PBXBuildFile; fileRef = D0B7FD2F19DDBD8000F1E3F3 /* CoreLocation.framework */; };
		D0C5A2EE19DD397900F407FA /* AppDelegate.swift in Sources */ = {isa = PBXBuildFile; fileRef = D0C5A2ED19DD397900F407FA /* AppDelegate.swift */; };
		D0C5A2F019DD397900F407FA /* ViewController.swift in Sources */ = {isa = PBXBuildFile; fileRef = D0C5A2EF19DD397900F407FA /* ViewController.swift */; };
		D0C5A2F519DD397900F407FA /* Images.xcassets in Resources */ = {isa = PBXBuildFile; fileRef = D0C5A2F419DD397900F407FA /* Images.xcassets */; };
		D0C5A2F819DD397900F407FA /* LaunchScreen.xib in Resources */ = {isa = PBXBuildFile; fileRef = D0C5A2F619DD397900F407FA /* LaunchScreen.xib */; };
		D0C5A30419DD397900F407FA /* WalkerAnalyticsTests.swift in Sources */ = {isa = PBXBuildFile; fileRef = D0C5A30319DD397900F407FA /* WalkerAnalyticsTests.swift */; };
		D0C5A30E19DD39F000F407FA /* ViewController.xib in Resources */ = {isa = PBXBuildFile; fileRef = D0C5A30D19DD39F000F407FA /* ViewController.xib */; };
		D0C5A31119DD3A2700F407FA /* MainViewController.swift in Sources */ = {isa = PBXBuildFile; fileRef = D0C5A30F19DD3A2700F407FA /* MainViewController.swift */; };
		D0C5A31219DD3A2700F407FA /* MainViewController.xib in Resources */ = {isa = PBXBuildFile; fileRef = D0C5A31019DD3A2700F407FA /* MainViewController.xib */; };
		D0D2409719DD55E10029F325 /* MotionManager.swift in Sources */ = {isa = PBXBuildFile; fileRef = D0D2409619DD55E10029F325 /* MotionManager.swift */; };
/* End PBXBuildFile section */

/* Begin PBXContainerItemProxy section */
		D0C5A2FE19DD397900F407FA /* PBXContainerItemProxy */ = {
			isa = PBXContainerItemProxy;
			containerPortal = D0C5A2E019DD397900F407FA /* Project object */;
			proxyType = 1;
			remoteGlobalIDString = D0C5A2E719DD397900F407FA;
			remoteInfo = WalkerAnalytics;
		};
/* End PBXContainerItemProxy section */

/* Begin PBXFileReference section */
		D0B7FD2D19DDBD6A00F1E3F3 /* CoreMotion.framework */ = {isa = PBXFileReference; lastKnownFileType = wrapper.framework; name = CoreMotion.framework; path = System/Library/Frameworks/CoreMotion.framework; sourceTree = SDKROOT; };
		D0B7FD2F19DDBD8000F1E3F3 /* CoreLocation.framework */ = {isa = PBXFileReference; lastKnownFileType = wrapper.framework; name = CoreLocation.framework; path = System/Library/Frameworks/CoreLocation.framework; sourceTree = SDKROOT; };
		D0C5A2E819DD397900F407FA /* WalkerAnalytics.app */ = {isa = PBXFileReference; explicitFileType = wrapper.application; includeInIndex = 0; path = WalkerAnalytics.app; sourceTree = BUILT_PRODUCTS_DIR; };
		D0C5A2EC19DD397900F407FA /* Info.plist */ = {isa = PBXFileReference; lastKnownFileType = text.plist.xml; path = Info.plist; sourceTree = "<group>"; };
		D0C5A2ED19DD397900F407FA /* AppDelegate.swift */ = {isa = PBXFileReference; lastKnownFileType = sourcecode.swift; path = AppDelegate.swift; sourceTree = "<group>"; };
		D0C5A2EF19DD397900F407FA /* ViewController.swift */ = {isa = PBXFileReference; lastKnownFileType = sourcecode.swift; path = ViewController.swift; sourceTree = "<group>"; };
		D0C5A2F419DD397900F407FA /* Images.xcassets */ = {isa = PBXFileReference; lastKnownFileType = folder.assetcatalog; path = Images.xcassets; sourceTree = "<group>"; };
		D0C5A2F719DD397900F407FA /* Base */ = {isa = PBXFileReference; lastKnownFileType = file.xib; name = Base; path = Base.lproj/LaunchScreen.xib; sourceTree = "<group>"; };
		D0C5A2FD19DD397900F407FA /* WalkerAnalyticsTests.xctest */ = {isa = PBXFileReference; explicitFileType = wrapper.cfbundle; includeInIndex = 0; path = WalkerAnalyticsTests.xctest; sourceTree = BUILT_PRODUCTS_DIR; };
		D0C5A30219DD397900F407FA /* Info.plist */ = {isa = PBXFileReference; lastKnownFileType = text.plist.xml; path = Info.plist; sourceTree = "<group>"; };
		D0C5A30319DD397900F407FA /* WalkerAnalyticsTests.swift */ = {isa = PBXFileReference; lastKnownFileType = sourcecode.swift; path = WalkerAnalyticsTests.swift; sourceTree = "<group>"; };
		D0C5A30D19DD39F000F407FA /* ViewController.xib */ = {isa = PBXFileReference; fileEncoding = 4; lastKnownFileType = file.xib; path = ViewController.xib; sourceTree = "<group>"; };
		D0C5A30F19DD3A2700F407FA /* MainViewController.swift */ = {isa = PBXFileReference; fileEncoding = 4; lastKnownFileType = sourcecode.swift; path = MainViewController.swift; sourceTree = "<group>"; };
		D0C5A31019DD3A2700F407FA /* MainViewController.xib */ = {isa = PBXFileReference; fileEncoding = 4; lastKnownFileType = file.xib; path = MainViewController.xib; sourceTree = "<group>"; };
		D0D2409619DD55E10029F325 /* MotionManager.swift */ = {isa = PBXFileReference; fileEncoding = 4; lastKnownFileType = sourcecode.swift; path = MotionManager.swift; sourceTree = "<group>"; };
/* End PBXFileReference section */

/* Begin PBXFrameworksBuildPhase section */
		D0C5A2E519DD397900F407FA /* Frameworks */ = {
			isa = PBXFrameworksBuildPhase;
			buildActionMask = 2147483647;
			files = (
				D0B7FD3019DDBD8000F1E3F3 /* CoreLocation.framework in Frameworks */,
				D0B7FD2E19DDBD6A00F1E3F3 /* CoreMotion.framework in Frameworks */,
			);
			runOnlyForDeploymentPostprocessing = 0;
		};
		D0C5A2FA19DD397900F407FA /* Frameworks */ = {
			isa = PBXFrameworksBuildPhase;
			buildActionMask = 2147483647;
			files = (
			);
			runOnlyForDeploymentPostprocessing = 0;
		};
/* End PBXFrameworksBuildPhase section */

/* Begin PBXGroup section */
		D05B481519DD3AF200E997A3 /* ViewController */ = {
			isa = PBXGroup;
			children = (
				D0C5A30F19DD3A2700F407FA /* MainViewController.swift */,
				D0C5A31019DD3A2700F407FA /* MainViewController.xib */,
				D0C5A2EF19DD397900F407FA /* ViewController.swift */,
				D0C5A30D19DD39F000F407FA /* ViewController.xib */,
				D0D2409619DD55E10029F325 /* MotionManager.swift */,
			);
			name = ViewController;
			sourceTree = "<group>";
		};
		D0C5A2DF19DD397900F407FA = {
			isa = PBXGroup;
			children = (
				D0B7FD2F19DDBD8000F1E3F3 /* CoreLocation.framework */,
				D0B7FD2D19DDBD6A00F1E3F3 /* CoreMotion.framework */,
				D0C5A2EA19DD397900F407FA /* WalkerAnalytics */,
				D0C5A30019DD397900F407FA /* WalkerAnalyticsTests */,
				D0C5A2E919DD397900F407FA /* Products */,
			);
			sourceTree = "<group>";
		};
		D0C5A2E919DD397900F407FA /* Products */ = {
			isa = PBXGroup;
			children = (
				D0C5A2E819DD397900F407FA /* WalkerAnalytics.app */,
				D0C5A2FD19DD397900F407FA /* WalkerAnalyticsTests.xctest */,
			);
			name = Products;
			sourceTree = "<group>";
		};
		D0C5A2EA19DD397900F407FA /* WalkerAnalytics */ = {
			isa = PBXGroup;
			children = (
				D0C5A2ED19DD397900F407FA /* AppDelegate.swift */,
				D05B481519DD3AF200E997A3 /* ViewController */,
				D0C5A2F419DD397900F407FA /* Images.xcassets */,
				D0C5A2F619DD397900F407FA /* LaunchScreen.xib */,
				D0C5A2EB19DD397900F407FA /* Supporting Files */,
			);
			path = WalkerAnalytics;
			sourceTree = "<group>";
		};
		D0C5A2EB19DD397900F407FA /* Supporting Files */ = {
			isa = PBXGroup;
			children = (
				D0C5A2EC19DD397900F407FA /* Info.plist */,
			);
			name = "Supporting Files";
			sourceTree = "<group>";
		};
		D0C5A30019DD397900F407FA /* WalkerAnalyticsTests */ = {
			isa = PBXGroup;
			children = (
				D0C5A30319DD397900F407FA /* WalkerAnalyticsTests.swift */,
				D0C5A30119DD397900F407FA /* Supporting Files */,
			);
			path = WalkerAnalyticsTests;
			sourceTree = "<group>";
		};
		D0C5A30119DD397900F407FA /* Supporting Files */ = {
			isa = PBXGroup;
			children = (
				D0C5A30219DD397900F407FA /* Info.plist */,
			);
			name = "Supporting Files";
			sourceTree = "<group>";
		};
/* End PBXGroup section */

/* Begin PBXNativeTarget section */
		D0C5A2E719DD397900F407FA /* WalkerAnalytics */ = {
			isa = PBXNativeTarget;
			buildConfigurationList = D0C5A30719DD397900F407FA /* Build configuration list for PBXNativeTarget "WalkerAnalytics" */;
			buildPhases = (
				D0C5A2E419DD397900F407FA /* Sources */,
				D0C5A2E519DD397900F407FA /* Frameworks */,
				D0C5A2E619DD397900F407FA /* Resources */,
			);
			buildRules = (
			);
			dependencies = (
			);
			name = WalkerAnalytics;
			productName = WalkerAnalytics;
			productReference = D0C5A2E819DD397900F407FA /* WalkerAnalytics.app */;
			productType = "com.apple.product-type.application";
		};
		D0C5A2FC19DD397900F407FA /* WalkerAnalyticsTests */ = {
			isa = PBXNativeTarget;
			buildConfigurationList = D0C5A30A19DD397900F407FA /* Build configuration list for PBXNativeTarget "WalkerAnalyticsTests" */;
			buildPhases = (
				D0C5A2F919DD397900F407FA /* Sources */,
				D0C5A2FA19DD397900F407FA /* Frameworks */,
				D0C5A2FB19DD397900F407FA /* Resources */,
			);
			buildRules = (
			);
			dependencies = (
				D0C5A2FF19DD397900F407FA /* PBXTargetDependency */,
			);
			name = WalkerAnalyticsTests;
			productName = WalkerAnalyticsTests;
			productReference = D0C5A2FD19DD397900F407FA /* WalkerAnalyticsTests.xctest */;
			productType = "com.apple.product-type.bundle.unit-test";
		};
/* End PBXNativeTarget section */

/* Begin PBXProject section */
		D0C5A2E019DD397900F407FA /* Project object */ = {
			isa = PBXProject;
			attributes = {
				LastUpgradeCheck = 0610;
				ORGANIZATIONNAME = Peterlee;
				TargetAttributes = {
					D0C5A2E719DD397900F407FA = {
						CreatedOnToolsVersion = 6.1;
						SystemCapabilities = {
							com.apple.BackgroundModes = {
								enabled = 1;
							};
						};
					};
					D0C5A2FC19DD397900F407FA = {
						CreatedOnToolsVersion = 6.1;
						TestTargetID = D0C5A2E719DD397900F407FA;
					};
				};
			};
			buildConfigurationList = D0C5A2E319DD397900F407FA /* Build configuration list for PBXProject "WalkerAnalytics" */;
			compatibilityVersion = "Xcode 3.2";
			developmentRegion = English;
			hasScannedForEncodings = 0;
			knownRegions = (
				en,
				Base,
			);
			mainGroup = D0C5A2DF19DD397900F407FA;
			productRefGroup = D0C5A2E919DD397900F407FA /* Products */;
			projectDirPath = "";
			projectRoot = "";
			targets = (
				D0C5A2E719DD397900F407FA /* WalkerAnalytics */,
				D0C5A2FC19DD397900F407FA /* WalkerAnalyticsTests */,
			);
		};
/* End PBXProject section */

/* Begin PBXResourcesBuildPhase section */
		D0C5A2E619DD397900F407FA /* Resources */ = {
			isa = PBXResourcesBuildPhase;
			buildActionMask = 2147483647;
			files = (
				D0C5A2F819DD397900F407FA /* LaunchScreen.xib in Resources */,
				D0C5A30E19DD39F000F407FA /* ViewController.xib in Resources */,
				D0C5A2F519DD397900F407FA /* Images.xcassets in Resources */,
				D0C5A31219DD3A2700F407FA /* MainViewController.xib in Resources */,
			);
			runOnlyForDeploymentPostprocessing = 0;
		};
		D0C5A2FB19DD397900F407FA /* Resources */ = {
			isa = PBXResourcesBuildPhase;
			buildActionMask = 2147483647;
			files = (
			);
			runOnlyForDeploymentPostprocessing = 0;
		};
/* End PBXResourcesBuildPhase section */

/* Begin PBXSourcesBuildPhase section */
		D0C5A2E419DD397900F407FA /* Sources */ = {
			isa = PBXSourcesBuildPhase;
			buildActionMask = 2147483647;
			files = (
				D0C5A31119DD3A2700F407FA /* MainViewController.swift in Sources */,
				D0C5A2F019DD397900F407FA /* ViewController.swift in Sources */,
				D0C5A2EE19DD397900F407FA /* AppDelegate.swift in Sources */,
				D0D2409719DD55E10029F325 /* MotionManager.swift in Sources */,
			);
			runOnlyForDeploymentPostprocessing = 0;
		};
		D0C5A2F919DD397900F407FA /* Sources */ = {
			isa = PBXSourcesBuildPhase;
			buildActionMask = 2147483647;
			files = (
				D0C5A30419DD397900F407FA /* WalkerAnalyticsTests.swift in Sources */,
			);
			runOnlyForDeploymentPostprocessing = 0;
		};
/* End PBXSourcesBuildPhase section */

/* Begin PBXTargetDependency section */
		D0C5A2FF19DD397900F407FA /* PBXTargetDependency */ = {
			isa = PBXTargetDependency;
			target = D0C5A2E719DD397900F407FA /* WalkerAnalytics */;
			targetProxy = D0C5A2FE19DD397900F407FA /* PBXContainerItemProxy */;
		};
/* End PBXTargetDependency section */

/* Begin PBXVariantGroup section */
		D0C5A2F619DD397900F407FA /* LaunchScreen.xib */ = {
			isa = PBXVariantGroup;
			children = (
				D0C5A2F719DD397900F407FA /* Base */,
			);
			name = LaunchScreen.xib;
			sourceTree = "<group>";
		};
/* End PBXVariantGroup section */

/* Begin XCBuildConfiguration section */
		D0C5A30519DD397900F407FA /* Debug */ = {
			isa = XCBuildConfiguration;
			buildSettings = {
				ALWAYS_SEARCH_USER_PATHS = NO;
				CLANG_CXX_LANGUAGE_STANDARD = "gnu++0x";
				CLANG_CXX_LIBRARY = "libc++";
				CLANG_ENABLE_MODULES = YES;
				CLANG_ENABLE_OBJC_ARC = YES;
				CLANG_WARN_BOOL_CONVERSION = YES;
				CLANG_WARN_CONSTANT_CONVERSION = YES;
				CLANG_WARN_DIRECT_OBJC_ISA_USAGE = YES_ERROR;
				CLANG_WARN_EMPTY_BODY = YES;
				CLANG_WARN_ENUM_CONVERSION = YES;
				CLANG_WARN_INT_CONVERSION = YES;
				CLANG_WARN_OBJC_ROOT_CLASS = YES_ERROR;
				CLANG_WARN_UNREACHABLE_CODE = YES;
				CLANG_WARN__DUPLICATE_METHOD_MATCH = YES;
				"CODE_SIGN_IDENTITY[sdk=iphoneos*]" = "iPhone Developer";
				COPY_PHASE_STRIP = NO;
				ENABLE_STRICT_OBJC_MSGSEND = YES;
				GCC_C_LANGUAGE_STANDARD = gnu99;
				GCC_DYNAMIC_NO_PIC = NO;
				GCC_OPTIMIZATION_LEVEL = 0;
				GCC_PREPROCESSOR_DEFINITIONS = (
					"DEBUG=1",
					"$(inherited)",
				);
				GCC_SYMBOLS_PRIVATE_EXTERN = NO;
				GCC_WARN_64_TO_32_BIT_CONVERSION = YES;
				GCC_WARN_ABOUT_RETURN_TYPE = YES_ERROR;
				GCC_WARN_UNDECLARED_SELECTOR = YES;
				GCC_WARN_UNINITIALIZED_AUTOS = YES_AGGRESSIVE;
				GCC_WARN_UNUSED_FUNCTION = YES;
				GCC_WARN_UNUSED_VARIABLE = YES;
				IPHONEOS_DEPLOYMENT_TARGET = 8.0;
				MTL_ENABLE_DEBUG_INFO = YES;
				ONLY_ACTIVE_ARCH = YES;
				SDKROOT = iphoneos;
				SWIFT_OPTIMIZATION_LEVEL = "-Onone";
			};
			name = Debug;
		};
		D0C5A30619DD397900F407FA /* Release */ = {
			isa = XCBuildConfiguration;
			buildSettings = {
				ALWAYS_SEARCH_USER_PATHS = NO;
				CLANG_CXX_LANGUAGE_STANDARD = "gnu++0x";
				CLANG_CXX_LIBRARY = "libc++";
				CLANG_ENABLE_MODULES = YES;
				CLANG_ENABLE_OBJC_ARC = YES;
				CLANG_WARN_BOOL_CONVERSION = YES;
				CLANG_WARN_CONSTANT_CONVERSION = YES;
				CLANG_WARN_DIRECT_OBJC_ISA_USAGE = YES_ERROR;
				CLANG_WARN_EMPTY_BODY = YES;
				CLANG_WARN_ENUM_CONVERSION = YES;
				CLANG_WARN_INT_CONVERSION = YES;
				CLANG_WARN_OBJC_ROOT_CLASS = YES_ERROR;
				CLANG_WARN_UNREACHABLE_CODE = YES;
				CLANG_WARN__DUPLICATE_METHOD_MATCH = YES;
				"CODE_SIGN_IDENTITY[sdk=iphoneos*]" = "iPhone Developer";
				COPY_PHASE_STRIP = YES;
				ENABLE_NS_ASSERTIONS = NO;
				ENABLE_STRICT_OBJC_MSGSEND = YES;
				GCC_C_LANGUAGE_STANDARD = gnu99;
				GCC_WARN_64_TO_32_BIT_CONVERSION = YES;
				GCC_WARN_ABOUT_RETURN_TYPE = YES_ERROR;
				GCC_WARN_UNDECLARED_SELECTOR = YES;
				GCC_WARN_UNINITIALIZED_AUTOS = YES_AGGRESSIVE;
				GCC_WARN_UNUSED_FUNCTION = YES;
				GCC_WARN_UNUSED_VARIABLE = YES;
				IPHONEOS_DEPLOYMENT_TARGET = 8.0;
				MTL_ENABLE_DEBUG_INFO = NO;
				SDKROOT = iphoneos;
				VALIDATE_PRODUCT = YES;
			};
			name = Release;
		};
		D0C5A30819DD397900F407FA /* Debug */ = {
			isa = XCBuildConfiguration;
			buildSettings = {
				ASSETCATALOG_COMPILER_APPICON_NAME = AppIcon;
				INFOPLIST_FILE = WalkerAnalytics/Info.plist;
				IPHONEOS_DEPLOYMENT_TARGET = 8.0;
				LD_RUNPATH_SEARCH_PATHS = "$(inherited) @executable_path/Frameworks";
				PRODUCT_NAME = "$(TARGET_NAME)";
			};
			name = Debug;
		};
		D0C5A30919DD397900F407FA /* Release */ = {
			isa = XCBuildConfiguration;
			buildSettings = {
				ASSETCATALOG_COMPILER_APPICON_NAME = AppIcon;
				INFOPLIST_FILE = WalkerAnalytics/Info.plist;
				IPHONEOS_DEPLOYMENT_TARGET = 8.0;
				LD_RUNPATH_SEARCH_PATHS = "$(inherited) @executable_path/Frameworks";
				PRODUCT_NAME = "$(TARGET_NAME)";
			};
			name = Release;
		};
		D0C5A30B19DD397900F407FA /* Debug */ = {
			isa = XCBuildConfiguration;
			buildSettings = {
				BUNDLE_LOADER = "$(TEST_HOST)";
				FRAMEWORK_SEARCH_PATHS = (
					"$(SDKROOT)/Developer/Library/Frameworks",
					"$(inherited)",
				);
				GCC_PREPROCESSOR_DEFINITIONS = (
					"DEBUG=1",
					"$(inherited)",
				);
				INFOPLIST_FILE = WalkerAnalyticsTests/Info.plist;
				LD_RUNPATH_SEARCH_PATHS = "$(inherited) @executable_path/Frameworks @loader_path/Frameworks";
				PRODUCT_NAME = "$(TARGET_NAME)";
				TEST_HOST = "$(BUILT_PRODUCTS_DIR)/WalkerAnalytics.app/WalkerAnalytics";
			};
			name = Debug;
		};
		D0C5A30C19DD397900F407FA /* Release */ = {
			isa = XCBuildConfiguration;
			buildSettings = {
				BUNDLE_LOADER = "$(TEST_HOST)";
				FRAMEWORK_SEARCH_PATHS = (
					"$(SDKROOT)/Developer/Library/Frameworks",
					"$(inherited)",
				);
				INFOPLIST_FILE = WalkerAnalyticsTests/Info.plist;
				LD_RUNPATH_SEARCH_PATHS = "$(inherited) @executable_path/Frameworks @loader_path/Frameworks";
				PRODUCT_NAME = "$(TARGET_NAME)";
				TEST_HOST = "$(BUILT_PRODUCTS_DIR)/WalkerAnalytics.app/WalkerAnalytics";
			};
			name = Release;
		};
/* End XCBuildConfiguration section */

/* Begin XCConfigurationList section */
		D0C5A2E319DD397900F407FA /* Build configuration list for PBXProject "WalkerAnalytics" */ = {
			isa = XCConfigurationList;
			buildConfigurations = (
				D0C5A30519DD397900F407FA /* Debug */,
				D0C5A30619DD397900F407FA /* Release */,
			);
			defaultConfigurationIsVisible = 0;
			defaultConfigurationName = Release;
		};
		D0C5A30719DD397900F407FA /* Build configuration list for PBXNativeTarget "WalkerAnalytics" */ = {
			isa = XCConfigurationList;
			buildConfigurations = (
				D0C5A30819DD397900F407FA /* Debug */,
				D0C5A30919DD397900F407FA /* Release */,
			);
			defaultConfigurationIsVisible = 0;
			defaultConfigurationName = Release;
		};
		D0C5A30A19DD397900F407FA /* Build configuration list for PBXNativeTarget "WalkerAnalyticsTests" */ = {
			isa = XCConfigurationList;
			buildConfigurations = (
				D0C5A30B19DD397900F407FA /* Debug */,
				D0C5A30C19DD397900F407FA /* Release */,
			);
			defaultConfigurationIsVisible = 0;
			defaultConfigurationName = Release;
		};
/* End XCConfigurationList section */
	};
	rootObject = D0C5A2E019DD397900F407FA /* Project object */;
}
